
Microsoft Visual Studio Solution File, Format Version 12.00
# Visual Studio Version 16
VisualStudioVersion = 16.0.31727.386
MinimumVisualStudioVersion = 10.0.40219.1
Project("{9A19103F-16F7-4668-BE54-9A1E7A4F7556}") = "targil0", "targil0\targil0.csproj", "{7398C8B5-276D-405D-B41E-8C1A1B6871C1}"
EndProject
Project("{2150E333-8FDC-42A3-9474-1A3956D46DE8}") = "Solution Items", "Solution Items", "{AA575055-6253-4812-8222-3D86AF327280}"
	ProjectSection(SolutionItems) = preProject
		..\README.md = ..\README.md
	EndProjectSection
EndProject
Project("{2150E333-8FDC-42A3-9474-1A3956D46DE8}") = "Solution Items (2)", "Solution Items (2)", "{1DC49AA1-CCA5-4CDA-9A20-B70AD85D3230}"
	ProjectSection(SolutionItems) = preProject
		..\README.md = ..\README.md
	EndProjectSection
EndProject
Project("{9A19103F-16F7-4668-BE54-9A1E7A4F7556}") = "DALFacade", "DAL\DALFacade.csproj", "{AA12F17D-0CBE-47FC-A293-DF4E993298C8}"
EndProject
Project("{9A19103F-16F7-4668-BE54-9A1E7A4F7556}") = "ConsoleUI", "ConsoleUI\ConsoleUI.csproj", "{8AF6261F-929C-43D6-AEC7-D31C120F3AF6}"
EndProject
Project("{9A19103F-16F7-4668-BE54-9A1E7A4F7556}") = "BL", "BL\BL.csproj", "{74FB8518-4C66-4EAE-9724-DFDFE2029247}"
EndProject
Project("{9A19103F-16F7-4668-BE54-9A1E7A4F7556}") = "ConsoleUI_BL", "ConsoleUI_BL\ConsoleUI_BL.csproj", "{4627F6DD-E1A4-4624-8FE5-61860B520B92}"
EndProject
Project("{9A19103F-16F7-4668-BE54-9A1E7A4F7556}") = "PL", "PL\PL.csproj", "{3A246C1D-74E2-4D4A-AA10-8F01BCB7BDA8}"
EndProject
Project("{9A19103F-16F7-4668-BE54-9A1E7A4F7556}") = "DalObject", "DalObject\DalObject.csproj", "{29905420-6F69-40A9-9D7C-BDFC15A8D3DF}"
EndProject
Project("{9A19103F-16F7-4668-BE54-9A1E7A4F7556}") = "DalXML", "DalXML\DalXML.csproj", "{111AB782-7AE8-4F9A-A413-A2A7B786FEF0}"
EndProject
Project("{9A19103F-16F7-4668-BE54-9A1E7A4F7556}") = "DalXMLnew", "DalXMLnew\DalXMLnew.csproj", "{AAA6BA12-5DD9-4FEF-85B2-7FD01C9F30BD}"
EndProject
Project("{2150E333-8FDC-42A3-9474-1A3956D46DE8}") = "xmlFiles", "xmlFiles", "{0521DA95-C55C-4384-B6CD-A7E8C45BCA32}"
	ProjectSection(SolutionItems) = preProject
		BaseStationXml.xml = BaseStationXml.xml
		ChargeXml.xml = ChargeXml.xml
		ClientXml.xml = ClientXml.xml
		ConfigXml.xml = ConfigXml.xml
		dal-config.xml = dal-config.xml
		PackageXml.xml = PackageXml.xml
		QuadocopterXml.xml = QuadocopterXml.xml
	EndProjectSection
EndProject
Global
	GlobalSection(SolutionConfigurationPlatforms) = preSolution
		Debug|Any CPU = Debug|Any CPU
		Release|Any CPU = Release|Any CPU
	EndGlobalSection
	GlobalSection(ProjectConfigurationPlatforms) = postSolution
		{7398C8B5-276D-405D-B41E-8C1A1B6871C1}.Debug|Any CPU.ActiveCfg = Debug|Any CPU
		{7398C8B5-276D-405D-B41E-8C1A1B6871C1}.Debug|Any CPU.Build.0 = Debug|Any CPU
		{7398C8B5-276D-405D-B41E-8C1A1B6871C1}.Release|Any CPU.ActiveCfg = Release|Any CPU
		{7398C8B5-276D-405D-B41E-8C1A1B6871C1}.Release|Any CPU.Build.0 = Release|Any CPU
		{AA12F17D-0CBE-47FC-A293-DF4E993298C8}.Debug|Any CPU.ActiveCfg = Debug|Any CPU
		{AA12F17D-0CBE-47FC-A293-DF4E993298C8}.Debug|Any CPU.Build.0 = Debug|Any CPU
		{AA12F17D-0CBE-47FC-A293-DF4E993298C8}.Release|Any CPU.ActiveCfg = Release|Any CPU
		{AA12F17D-0CBE-47FC-A293-DF4E993298C8}.Release|Any CPU.Build.0 = Release|Any CPU
		{8AF6261F-929C-43D6-AEC7-D31C120F3AF6}.Debug|Any CPU.ActiveCfg = Debug|Any CPU
		{8AF6261F-929C-43D6-AEC7-D31C120F3AF6}.Debug|Any CPU.Build.0 = Debug|Any CPU
		{8AF6261F-929C-43D6-AEC7-D31C120F3AF6}.Release|Any CPU.ActiveCfg = Release|Any CPU
		{8AF6261F-929C-43D6-AEC7-D31C120F3AF6}.Release|Any CPU.Build.0 = Release|Any CPU
		{74FB8518-4C66-4EAE-9724-DFDFE2029247}.Debug|Any CPU.ActiveCfg = Debug|Any CPU
		{74FB8518-4C66-4EAE-9724-DFDFE2029247}.Debug|Any CPU.Build.0 = Debug|Any CPU
		{74FB8518-4C66-4EAE-9724-DFDFE2029247}.Release|Any CPU.ActiveCfg = Release|Any CPU
		{74FB8518-4C66-4EAE-9724-DFDFE2029247}.Release|Any CPU.Build.0 = Release|Any CPU
		{4627F6DD-E1A4-4624-8FE5-61860B520B92}.Debug|Any CPU.ActiveCfg = Debug|Any CPU
		{4627F6DD-E1A4-4624-8FE5-61860B520B92}.Debug|Any CPU.Build.0 = Debug|Any CPU
		{4627F6DD-E1A4-4624-8FE5-61860B520B92}.Release|Any CPU.ActiveCfg = Release|Any CPU
		{4627F6DD-E1A4-4624-8FE5-61860B520B92}.Release|Any CPU.Build.0 = Release|Any CPU
		{3A246C1D-74E2-4D4A-AA10-8F01BCB7BDA8}.Debug|Any CPU.ActiveCfg = Debug|Any CPU
		{3A246C1D-74E2-4D4A-AA10-8F01BCB7BDA8}.Debug|Any CPU.Build.0 = Debug|Any CPU
		{3A246C1D-74E2-4D4A-AA10-8F01BCB7BDA8}.Release|Any CPU.ActiveCfg = Release|Any CPU
		{3A246C1D-74E2-4D4A-AA10-8F01BCB7BDA8}.Release|Any CPU.Build.0 = Release|Any CPU
		{29905420-6F69-40A9-9D7C-BDFC15A8D3DF}.Debug|Any CPU.ActiveCfg = Debug|Any CPU
		{29905420-6F69-40A9-9D7C-BDFC15A8D3DF}.Debug|Any CPU.Build.0 = Debug|Any CPU
		{29905420-6F69-40A9-9D7C-BDFC15A8D3DF}.Release|Any CPU.ActiveCfg = Release|Any CPU
		{29905420-6F69-40A9-9D7C-BDFC15A8D3DF}.Release|Any CPU.Build.0 = Release|Any CPU
		{111AB782-7AE8-4F9A-A413-A2A7B786FEF0}.Debug|Any CPU.ActiveCfg = Debug|Any CPU
		{111AB782-7AE8-4F9A-A413-A2A7B786FEF0}.Debug|Any CPU.Build.0 = Debug|Any CPU
		{111AB782-7AE8-4F9A-A413-A2A7B786FEF0}.Release|Any CPU.ActiveCfg = Release|Any CPU
		{111AB782-7AE8-4F9A-A413-A2A7B786FEF0}.Release|Any CPU.Build.0 = Release|Any CPU
		{AAA6BA12-5DD9-4FEF-85B2-7FD01C9F30BD}.Debug|Any CPU.ActiveCfg = Debug|Any CPU
		{AAA6BA12-5DD9-4FEF-85B2-7FD01C9F30BD}.Debug|Any CPU.Build.0 = Debug|Any CPU
		{AAA6BA12-5DD9-4FEF-85B2-7FD01C9F30BD}.Release|Any CPU.ActiveCfg = Release|Any CPU
		{AAA6BA12-5DD9-4FEF-85B2-7FD01C9F30BD}.Release|Any CPU.Build.0 = Release|Any CPU
	EndGlobalSection
	GlobalSection(SolutionProperties) = preSolution
		HideSolutionNode = FALSE
	EndGlobalSection
	GlobalSection(ExtensibilityGlobals) = postSolution
		SolutionGuid = {651FF366-AA3A-4EA4-815E-F97D9AC72D0A}
	EndGlobalSection
EndGlobal
